
Microsoft Visual Studio Solution File, Format Version 10.00
# Visual Studio 2008
Project("{8BC9CEB8-8B4A-11D0-8D11-00A0C91BC942}") = "ARPVirus", "ARPVirus\ARPVirus.vcproj", "{2D23750B-085C-4E78-BAF7-39ED3806ED91}"
EndProject
Project("{54435603-DBB4-11D2-8724-00A0C9A8B90C}") = "Setup1", "Setup1\Setup1.vdproj", "{A6431B35-50A9-4D83-897A-81E205B05DDC}"
EndProject
Project("{8BC9CEB8-8B4A-11D0-8D11-00A0C91BC942}") = "ACE", "E:\source\ace\ACE_wrappers\ace\ACE_vc9.vcproj", "{BD537C9A-FECA-1BAD-6757-8A6300006755}"
EndProject
Project("{8BC9CEB8-8B4A-11D0-8D11-00A0C91BC942}") = "Service", "Service\Service.vcproj", "{3606D5A0-0EE3-4941-9803-A038A67197CF}"
	ProjectSection(ProjectDependencies) = postProject
		{2D23750B-085C-4E78-BAF7-39ED3806ED91} = {2D23750B-085C-4E78-BAF7-39ED3806ED91}
		{80ADA11D-55C6-4DA2-92F4-D99DFE5079E6} = {80ADA11D-55C6-4DA2-92F4-D99DFE5079E6}
		{3B7D1C68-BEE8-4F7E-8B0E-D4F755AE732C} = {3B7D1C68-BEE8-4F7E-8B0E-D4F755AE732C}
		{BD537C9A-FECA-1BAD-6757-8A6300006755} = {BD537C9A-FECA-1BAD-6757-8A6300006755}
	EndProjectSection
EndProject
Project("{8BC9CEB8-8B4A-11D0-8D11-00A0C91BC942}") = "Flood", "Flood\Flood\Flood.vcproj", "{80ADA11D-55C6-4DA2-92F4-D99DFE5079E6}"
EndProject
Project("{8BC9CEB8-8B4A-11D0-8D11-00A0C91BC942}") = "ArpSpoofLib", "Flood\ArpSpoofLib\ArpSpoofLib.vcproj", "{3B7D1C68-BEE8-4F7E-8B0E-D4F755AE732C}"
EndProject
Global
	GlobalSection(SolutionConfigurationPlatforms) = preSolution
		Debug|Win32 = Debug|Win32
		Release|Win32 = Release|Win32
	EndGlobalSection
	GlobalSection(ProjectConfigurationPlatforms) = postSolution
		{2D23750B-085C-4E78-BAF7-39ED3806ED91}.Debug|Win32.ActiveCfg = Debug|Win32
		{2D23750B-085C-4E78-BAF7-39ED3806ED91}.Debug|Win32.Build.0 = Debug|Win32
		{2D23750B-085C-4E78-BAF7-39ED3806ED91}.Release|Win32.ActiveCfg = Release|Win32
		{2D23750B-085C-4E78-BAF7-39ED3806ED91}.Release|Win32.Build.0 = Release|Win32
		{A6431B35-50A9-4D83-897A-81E205B05DDC}.Debug|Win32.ActiveCfg = Debug
		{A6431B35-50A9-4D83-897A-81E205B05DDC}.Release|Win32.ActiveCfg = Release
		{BD537C9A-FECA-1BAD-6757-8A6300006755}.Debug|Win32.ActiveCfg = Debug|Win32
		{BD537C9A-FECA-1BAD-6757-8A6300006755}.Release|Win32.ActiveCfg = Release|Win32
		{3606D5A0-0EE3-4941-9803-A038A67197CF}.Debug|Win32.ActiveCfg = Debug|Win32
		{3606D5A0-0EE3-4941-9803-A038A67197CF}.Debug|Win32.Build.0 = Debug|Win32
		{3606D5A0-0EE3-4941-9803-A038A67197CF}.Release|Win32.ActiveCfg = Release|Win32
		{3606D5A0-0EE3-4941-9803-A038A67197CF}.Release|Win32.Build.0 = Release|Win32
		{80ADA11D-55C6-4DA2-92F4-D99DFE5079E6}.Debug|Win32.ActiveCfg = Debug|Win32
		{80ADA11D-55C6-4DA2-92F4-D99DFE5079E6}.Debug|Win32.Build.0 = Debug|Win32
		{80ADA11D-55C6-4DA2-92F4-D99DFE5079E6}.Release|Win32.ActiveCfg = Release|Win32
		{80ADA11D-55C6-4DA2-92F4-D99DFE5079E6}.Release|Win32.Build.0 = Release|Win32
		{3B7D1C68-BEE8-4F7E-8B0E-D4F755AE732C}.Debug|Win32.ActiveCfg = Debug|Win32
		{3B7D1C68-BEE8-4F7E-8B0E-D4F755AE732C}.Debug|Win32.Build.0 = Debug|Win32
		{3B7D1C68-BEE8-4F7E-8B0E-D4F755AE732C}.Release|Win32.ActiveCfg = Release|Win32
		{3B7D1C68-BEE8-4F7E-8B0E-D4F755AE732C}.Release|Win32.Build.0 = Release|Win32
	EndGlobalSection
	GlobalSection(SolutionProperties) = preSolution
		HideSolutionNode = FALSE
	EndGlobalSection
EndGlobal
